
Microsoft Visual Studio Solution File, Format Version 12.00
# Visual Studio Version 17
VisualStudioVersion = 17.5.33530.505
MinimumVisualStudioVersion = 10.0.40219.1
Project("{FAE04EC0-301F-11D3-BF4B-00C04F79EFBC}") = "Lab 2", "Lab 2\Lab 2.csproj", "{83882E25-4275-4474-B4AF-BADD7A07E6DC}"
EndProject
Global
	GlobalSection(SolutionConfigurationPlatforms) = preSolution
		Debug|Any CPU = Debug|Any CPU
		Release|Any CPU = Release|Any CPU
	EndGlobalSection
	GlobalSection(ProjectConfigurationPlatforms) = postSolution
		{83882E25-4275-4474-B4AF-BADD7A07E6DC}.Debug|Any CPU.ActiveCfg = Debug|Any CPU
		{83882E25-4275-4474-B4AF-BADD7A07E6DC}.Debug|Any CPU.Build.0 = Debug|Any CPU
		{83882E25-4275-4474-B4AF-BADD7A07E6DC}.Release|Any CPU.ActiveCfg = Release|Any CPU
		{83882E25-4275-4474-B4AF-BADD7A07E6DC}.Release|Any CPU.Build.0 = Release|Any CPU
	EndGlobalSection
	GlobalSection(SolutionProperties) = preSolution
		HideSolutionNode = FALSE
	EndGlobalSection
	GlobalSection(ExtensibilityGlobals) = postSolution
		SolutionGuid = {799EE7C8-F9D4-40AA-86C1-8650BF12EAB5}
	EndGlobalSection
EndGlobal
